
Microsoft Visual Studio Solution File, Format Version 12.00
# Visual Studio Version 17
VisualStudioVersion = 17.4.33213.308
MinimumVisualStudioVersion = 10.0.40219.1
Project("{2150E333-8FDC-42A3-9474-1A3956D46DE8}") = "WebApi", "WebApi", "{FF24295E-E280-4FC8-BA07-0E2F245956BE}"
EndProject
Project("{2150E333-8FDC-42A3-9474-1A3956D46DE8}") = "DesktopManager", "DesktopManager", "{F130E285-15F9-4AAE-A789-63F21B1A8CA3}"
EndProject
Project("{2150E333-8FDC-42A3-9474-1A3956D46DE8}") = "MobileManager", "MobileManager", "{BA8D024D-AAA4-4C56-B7A0-63D8EE9578D3}"
EndProject
Project("{2150E333-8FDC-42A3-9474-1A3956D46DE8}") = "ArduinoProject", "ArduinoProject", "{7AF35777-152D-499F-AA4F-E5BFEABBE3A6}"
EndProject
Project("{9A19103F-16F7-4668-BE54-9A1E7A4F7556}") = "PickerApp", "PickerApp\PickerApp.csproj", "{A1CB7374-8BB0-4E16-8573-FB67E5C3ED65}"
	ProjectSection(ProjectDependencies) = postProject
		{637FAC6A-6470-4B07-B80C-DD0024170E2A} = {637FAC6A-6470-4B07-B80C-DD0024170E2A}
	EndProjectSection
EndProject
Project("{9A19103F-16F7-4668-BE54-9A1E7A4F7556}") = "PlannerApp", "PlannerApp\PlannerApp.csproj", "{277C0452-93A4-44EB-A798-1A37DA0473DB}"
	ProjectSection(ProjectDependencies) = postProject
		{637FAC6A-6470-4B07-B80C-DD0024170E2A} = {637FAC6A-6470-4B07-B80C-DD0024170E2A}
		{A2E49C16-E09D-4BC8-BB36-CC4A196384E7} = {A2E49C16-E09D-4BC8-BB36-CC4A196384E7}
	EndProjectSection
EndProject
Project("{8BC9CEB8-8B4A-11D0-8D11-00A0C91BC942}") = "AutostoreRobot", "AutostoreRobot\AutostoreRobot.vcxproj", "{1330D103-7767-44AE-BE82-E0DE4674638D}"
EndProject
Project("{9A19103F-16F7-4668-BE54-9A1E7A4F7556}") = "DataAccess", "DataAccess\DataAccess.csproj", "{637FAC6A-6470-4B07-B80C-DD0024170E2A}"
EndProject
Project("{9A19103F-16F7-4668-BE54-9A1E7A4F7556}") = "ResourceManager", "ResourceManager\ResourceManager.csproj", "{A2E49C16-E09D-4BC8-BB36-CC4A196384E7}"
	ProjectSection(ProjectDependencies) = postProject
		{637FAC6A-6470-4B07-B80C-DD0024170E2A} = {637FAC6A-6470-4B07-B80C-DD0024170E2A}
	EndProjectSection
EndProject
Global
	GlobalSection(SolutionConfigurationPlatforms) = preSolution
		Debug|Any CPU = Debug|Any CPU
		Debug|ARM = Debug|ARM
		Debug|ARM64 = Debug|ARM64
		Debug|x64 = Debug|x64
		Debug|x86 = Debug|x86
		Release|Any CPU = Release|Any CPU
		Release|ARM = Release|ARM
		Release|ARM64 = Release|ARM64
		Release|x64 = Release|x64
		Release|x86 = Release|x86
	EndGlobalSection
	GlobalSection(ProjectConfigurationPlatforms) = postSolution
		{A1CB7374-8BB0-4E16-8573-FB67E5C3ED65}.Debug|Any CPU.ActiveCfg = Debug|Any CPU
		{A1CB7374-8BB0-4E16-8573-FB67E5C3ED65}.Debug|Any CPU.Build.0 = Debug|Any CPU
		{A1CB7374-8BB0-4E16-8573-FB67E5C3ED65}.Debug|ARM.ActiveCfg = Debug|Any CPU
		{A1CB7374-8BB0-4E16-8573-FB67E5C3ED65}.Debug|ARM.Build.0 = Debug|Any CPU
		{A1CB7374-8BB0-4E16-8573-FB67E5C3ED65}.Debug|ARM64.ActiveCfg = Debug|Any CPU
		{A1CB7374-8BB0-4E16-8573-FB67E5C3ED65}.Debug|ARM64.Build.0 = Debug|Any CPU
		{A1CB7374-8BB0-4E16-8573-FB67E5C3ED65}.Debug|x64.ActiveCfg = Debug|Any CPU
		{A1CB7374-8BB0-4E16-8573-FB67E5C3ED65}.Debug|x64.Build.0 = Debug|Any CPU
		{A1CB7374-8BB0-4E16-8573-FB67E5C3ED65}.Debug|x86.ActiveCfg = Debug|Any CPU
		{A1CB7374-8BB0-4E16-8573-FB67E5C3ED65}.Debug|x86.Build.0 = Debug|Any CPU
		{A1CB7374-8BB0-4E16-8573-FB67E5C3ED65}.Release|Any CPU.ActiveCfg = Release|Any CPU
		{A1CB7374-8BB0-4E16-8573-FB67E5C3ED65}.Release|Any CPU.Build.0 = Release|Any CPU
		{A1CB7374-8BB0-4E16-8573-FB67E5C3ED65}.Release|ARM.ActiveCfg = Release|Any CPU
		{A1CB7374-8BB0-4E16-8573-FB67E5C3ED65}.Release|ARM.Build.0 = Release|Any CPU
		{A1CB7374-8BB0-4E16-8573-FB67E5C3ED65}.Release|ARM64.ActiveCfg = Release|Any CPU
		{A1CB7374-8BB0-4E16-8573-FB67E5C3ED65}.Release|ARM64.Build.0 = Release|Any CPU
		{A1CB7374-8BB0-4E16-8573-FB67E5C3ED65}.Release|x64.ActiveCfg = Release|Any CPU
		{A1CB7374-8BB0-4E16-8573-FB67E5C3ED65}.Release|x64.Build.0 = Release|Any CPU
		{A1CB7374-8BB0-4E16-8573-FB67E5C3ED65}.Release|x86.ActiveCfg = Release|Any CPU
		{A1CB7374-8BB0-4E16-8573-FB67E5C3ED65}.Release|x86.Build.0 = Release|Any CPU
		{277C0452-93A4-44EB-A798-1A37DA0473DB}.Debug|Any CPU.ActiveCfg = Debug|Any CPU
		{277C0452-93A4-44EB-A798-1A37DA0473DB}.Debug|Any CPU.Build.0 = Debug|Any CPU
		{277C0452-93A4-44EB-A798-1A37DA0473DB}.Debug|Any CPU.Deploy.0 = Debug|Any CPU
		{277C0452-93A4-44EB-A798-1A37DA0473DB}.Debug|ARM.ActiveCfg = Debug|Any CPU
		{277C0452-93A4-44EB-A798-1A37DA0473DB}.Debug|ARM.Build.0 = Debug|Any CPU
		{277C0452-93A4-44EB-A798-1A37DA0473DB}.Debug|ARM.Deploy.0 = Debug|Any CPU
		{277C0452-93A4-44EB-A798-1A37DA0473DB}.Debug|ARM64.ActiveCfg = Debug|Any CPU
		{277C0452-93A4-44EB-A798-1A37DA0473DB}.Debug|ARM64.Build.0 = Debug|Any CPU
		{277C0452-93A4-44EB-A798-1A37DA0473DB}.Debug|ARM64.Deploy.0 = Debug|Any CPU
		{277C0452-93A4-44EB-A798-1A37DA0473DB}.Debug|x64.ActiveCfg = Debug|Any CPU
		{277C0452-93A4-44EB-A798-1A37DA0473DB}.Debug|x64.Build.0 = Debug|Any CPU
		{277C0452-93A4-44EB-A798-1A37DA0473DB}.Debug|x64.Deploy.0 = Debug|Any CPU
		{277C0452-93A4-44EB-A798-1A37DA0473DB}.Debug|x86.ActiveCfg = Debug|Any CPU
		{277C0452-93A4-44EB-A798-1A37DA0473DB}.Debug|x86.Build.0 = Debug|Any CPU
		{277C0452-93A4-44EB-A798-1A37DA0473DB}.Debug|x86.Deploy.0 = Debug|Any CPU
		{277C0452-93A4-44EB-A798-1A37DA0473DB}.Release|Any CPU.ActiveCfg = Release|Any CPU
		{277C0452-93A4-44EB-A798-1A37DA0473DB}.Release|Any CPU.Build.0 = Release|Any CPU
		{277C0452-93A4-44EB-A798-1A37DA0473DB}.Release|Any CPU.Deploy.0 = Release|Any CPU
		{277C0452-93A4-44EB-A798-1A37DA0473DB}.Release|ARM.ActiveCfg = Release|Any CPU
		{277C0452-93A4-44EB-A798-1A37DA0473DB}.Release|ARM.Build.0 = Release|Any CPU
		{277C0452-93A4-44EB-A798-1A37DA0473DB}.Release|ARM.Deploy.0 = Release|Any CPU
		{277C0452-93A4-44EB-A798-1A37DA0473DB}.Release|ARM64.ActiveCfg = Release|Any CPU
		{277C0452-93A4-44EB-A798-1A37DA0473DB}.Release|ARM64.Build.0 = Release|Any CPU
		{277C0452-93A4-44EB-A798-1A37DA0473DB}.Release|ARM64.Deploy.0 = Release|Any CPU
		{277C0452-93A4-44EB-A798-1A37DA0473DB}.Release|x64.ActiveCfg = Release|Any CPU
		{277C0452-93A4-44EB-A798-1A37DA0473DB}.Release|x64.Build.0 = Release|Any CPU
		{277C0452-93A4-44EB-A798-1A37DA0473DB}.Release|x64.Deploy.0 = Release|Any CPU
		{277C0452-93A4-44EB-A798-1A37DA0473DB}.Release|x86.ActiveCfg = Release|Any CPU
		{277C0452-93A4-44EB-A798-1A37DA0473DB}.Release|x86.Build.0 = Release|Any CPU
		{277C0452-93A4-44EB-A798-1A37DA0473DB}.Release|x86.Deploy.0 = Release|Any CPU
		{1330D103-7767-44AE-BE82-E0DE4674638D}.Debug|Any CPU.ActiveCfg = Debug|x64
		{1330D103-7767-44AE-BE82-E0DE4674638D}.Debug|Any CPU.Build.0 = Debug|x64
		{1330D103-7767-44AE-BE82-E0DE4674638D}.Debug|Any CPU.Deploy.0 = Debug|x64
		{1330D103-7767-44AE-BE82-E0DE4674638D}.Debug|ARM.ActiveCfg = Debug|ARM
		{1330D103-7767-44AE-BE82-E0DE4674638D}.Debug|ARM.Build.0 = Debug|ARM
		{1330D103-7767-44AE-BE82-E0DE4674638D}.Debug|ARM.Deploy.0 = Debug|ARM
		{1330D103-7767-44AE-BE82-E0DE4674638D}.Debug|ARM64.ActiveCfg = Debug|ARM64
		{1330D103-7767-44AE-BE82-E0DE4674638D}.Debug|ARM64.Build.0 = Debug|ARM64
		{1330D103-7767-44AE-BE82-E0DE4674638D}.Debug|ARM64.Deploy.0 = Debug|ARM64
		{1330D103-7767-44AE-BE82-E0DE4674638D}.Debug|x64.ActiveCfg = Debug|x64
		{1330D103-7767-44AE-BE82-E0DE4674638D}.Debug|x64.Build.0 = Debug|x64
		{1330D103-7767-44AE-BE82-E0DE4674638D}.Debug|x64.Deploy.0 = Debug|x64
		{1330D103-7767-44AE-BE82-E0DE4674638D}.Debug|x86.ActiveCfg = Debug|x86
		{1330D103-7767-44AE-BE82-E0DE4674638D}.Debug|x86.Build.0 = Debug|x86
		{1330D103-7767-44AE-BE82-E0DE4674638D}.Debug|x86.Deploy.0 = Debug|x86
		{1330D103-7767-44AE-BE82-E0DE4674638D}.Release|Any CPU.ActiveCfg = Release|x64
		{1330D103-7767-44AE-BE82-E0DE4674638D}.Release|Any CPU.Build.0 = Release|x64
		{1330D103-7767-44AE-BE82-E0DE4674638D}.Release|Any CPU.Deploy.0 = Release|x64
		{1330D103-7767-44AE-BE82-E0DE4674638D}.Release|ARM.ActiveCfg = Release|ARM
		{1330D103-7767-44AE-BE82-E0DE4674638D}.Release|ARM.Build.0 = Release|ARM
		{1330D103-7767-44AE-BE82-E0DE4674638D}.Release|ARM.Deploy.0 = Release|ARM
		{1330D103-7767-44AE-BE82-E0DE4674638D}.Release|ARM64.ActiveCfg = Release|ARM64
		{1330D103-7767-44AE-BE82-E0DE4674638D}.Release|ARM64.Build.0 = Release|ARM64
		{1330D103-7767-44AE-BE82-E0DE4674638D}.Release|ARM64.Deploy.0 = Release|ARM64
		{1330D103-7767-44AE-BE82-E0DE4674638D}.Release|x64.ActiveCfg = Release|x64
		{1330D103-7767-44AE-BE82-E0DE4674638D}.Release|x64.Build.0 = Release|x64
		{1330D103-7767-44AE-BE82-E0DE4674638D}.Release|x64.Deploy.0 = Release|x64
		{1330D103-7767-44AE-BE82-E0DE4674638D}.Release|x86.ActiveCfg = Release|x86
		{1330D103-7767-44AE-BE82-E0DE4674638D}.Release|x86.Build.0 = Release|x86
		{1330D103-7767-44AE-BE82-E0DE4674638D}.Release|x86.Deploy.0 = Release|x86
		{637FAC6A-6470-4B07-B80C-DD0024170E2A}.Debug|Any CPU.ActiveCfg = Debug|Any CPU
		{637FAC6A-6470-4B07-B80C-DD0024170E2A}.Debug|Any CPU.Build.0 = Debug|Any CPU
		{637FAC6A-6470-4B07-B80C-DD0024170E2A}.Debug|ARM.ActiveCfg = Debug|Any CPU
		{637FAC6A-6470-4B07-B80C-DD0024170E2A}.Debug|ARM.Build.0 = Debug|Any CPU
		{637FAC6A-6470-4B07-B80C-DD0024170E2A}.Debug|ARM64.ActiveCfg = Debug|Any CPU
		{637FAC6A-6470-4B07-B80C-DD0024170E2A}.Debug|ARM64.Build.0 = Debug|Any CPU
		{637FAC6A-6470-4B07-B80C-DD0024170E2A}.Debug|x64.ActiveCfg = Debug|Any CPU
		{637FAC6A-6470-4B07-B80C-DD0024170E2A}.Debug|x64.Build.0 = Debug|Any CPU
		{637FAC6A-6470-4B07-B80C-DD0024170E2A}.Debug|x86.ActiveCfg = Debug|Any CPU
		{637FAC6A-6470-4B07-B80C-DD0024170E2A}.Debug|x86.Build.0 = Debug|Any CPU
		{637FAC6A-6470-4B07-B80C-DD0024170E2A}.Release|Any CPU.ActiveCfg = Release|Any CPU
		{637FAC6A-6470-4B07-B80C-DD0024170E2A}.Release|Any CPU.Build.0 = Release|Any CPU
		{637FAC6A-6470-4B07-B80C-DD0024170E2A}.Release|ARM.ActiveCfg = Release|Any CPU
		{637FAC6A-6470-4B07-B80C-DD0024170E2A}.Release|ARM.Build.0 = Release|Any CPU
		{637FAC6A-6470-4B07-B80C-DD0024170E2A}.Release|ARM64.ActiveCfg = Release|Any CPU
		{637FAC6A-6470-4B07-B80C-DD0024170E2A}.Release|ARM64.Build.0 = Release|Any CPU
		{637FAC6A-6470-4B07-B80C-DD0024170E2A}.Release|x64.ActiveCfg = Release|Any CPU
		{637FAC6A-6470-4B07-B80C-DD0024170E2A}.Release|x64.Build.0 = Release|Any CPU
		{637FAC6A-6470-4B07-B80C-DD0024170E2A}.Release|x86.ActiveCfg = Release|Any CPU
		{637FAC6A-6470-4B07-B80C-DD0024170E2A}.Release|x86.Build.0 = Release|Any CPU
		{A2E49C16-E09D-4BC8-BB36-CC4A196384E7}.Debug|Any CPU.ActiveCfg = Debug|Any CPU
		{A2E49C16-E09D-4BC8-BB36-CC4A196384E7}.Debug|Any CPU.Build.0 = Debug|Any CPU
		{A2E49C16-E09D-4BC8-BB36-CC4A196384E7}.Debug|ARM.ActiveCfg = Debug|Any CPU
		{A2E49C16-E09D-4BC8-BB36-CC4A196384E7}.Debug|ARM.Build.0 = Debug|Any CPU
		{A2E49C16-E09D-4BC8-BB36-CC4A196384E7}.Debug|ARM64.ActiveCfg = Debug|Any CPU
		{A2E49C16-E09D-4BC8-BB36-CC4A196384E7}.Debug|ARM64.Build.0 = Debug|Any CPU
		{A2E49C16-E09D-4BC8-BB36-CC4A196384E7}.Debug|x64.ActiveCfg = Debug|Any CPU
		{A2E49C16-E09D-4BC8-BB36-CC4A196384E7}.Debug|x64.Build.0 = Debug|Any CPU
		{A2E49C16-E09D-4BC8-BB36-CC4A196384E7}.Debug|x86.ActiveCfg = Debug|Any CPU
		{A2E49C16-E09D-4BC8-BB36-CC4A196384E7}.Debug|x86.Build.0 = Debug|Any CPU
		{A2E49C16-E09D-4BC8-BB36-CC4A196384E7}.Release|Any CPU.ActiveCfg = Release|Any CPU
		{A2E49C16-E09D-4BC8-BB36-CC4A196384E7}.Release|Any CPU.Build.0 = Release|Any CPU
		{A2E49C16-E09D-4BC8-BB36-CC4A196384E7}.Release|ARM.ActiveCfg = Release|Any CPU
		{A2E49C16-E09D-4BC8-BB36-CC4A196384E7}.Release|ARM.Build.0 = Release|Any CPU
		{A2E49C16-E09D-4BC8-BB36-CC4A196384E7}.Release|ARM64.ActiveCfg = Release|Any CPU
		{A2E49C16-E09D-4BC8-BB36-CC4A196384E7}.Release|ARM64.Build.0 = Release|Any CPU
		{A2E49C16-E09D-4BC8-BB36-CC4A196384E7}.Release|x64.ActiveCfg = Release|Any CPU
		{A2E49C16-E09D-4BC8-BB36-CC4A196384E7}.Release|x64.Build.0 = Release|Any CPU
		{A2E49C16-E09D-4BC8-BB36-CC4A196384E7}.Release|x86.ActiveCfg = Release|Any CPU
		{A2E49C16-E09D-4BC8-BB36-CC4A196384E7}.Release|x86.Build.0 = Release|Any CPU
	EndGlobalSection
	GlobalSection(SolutionProperties) = preSolution
		HideSolutionNode = FALSE
	EndGlobalSection
	GlobalSection(NestedProjects) = preSolution
		{A1CB7374-8BB0-4E16-8573-FB67E5C3ED65} = {F130E285-15F9-4AAE-A789-63F21B1A8CA3}
		{277C0452-93A4-44EB-A798-1A37DA0473DB} = {BA8D024D-AAA4-4C56-B7A0-63D8EE9578D3}
		{1330D103-7767-44AE-BE82-E0DE4674638D} = {7AF35777-152D-499F-AA4F-E5BFEABBE3A6}
		{637FAC6A-6470-4B07-B80C-DD0024170E2A} = {FF24295E-E280-4FC8-BA07-0E2F245956BE}
		{A2E49C16-E09D-4BC8-BB36-CC4A196384E7} = {FF24295E-E280-4FC8-BA07-0E2F245956BE}
	EndGlobalSection
	GlobalSection(ExtensibilityGlobals) = postSolution
		SolutionGuid = {4F46A1A7-4913-42C1-85B4-C8EB3F6CD175}
	EndGlobalSection
EndGlobal
